<?xml version="1.0" encoding="utf-8"?>
<Project ToolsVersion="4.0" xmlns="http://schemas.microsoft.com/developer/msbuild/2003">
  <ItemGroup>
    <Filter Include="Source Files">
      <UniqueIdentifier>{4FC737F1-C7A5-4376-A066-2A32D752A2FF}</UniqueIdentifier>
      <Extensions>cpp;c;cc;cxx;c++;cppm;ixx;def;odl;idl;hpj;bat;asm;asmx</Extensions>
    </Filter>
    <Filter Include="Header Files">
      <UniqueIdentifier>{93995380-89BD-4b04-88EB-625FBE52EBFB}</UniqueIdentifier>
      <Extensions>h;hh;hpp;hxx;h++;hm;inl;inc;ipp;xsd</Extensions>
    </Filter>
    <Filter Include="Resource Files">
      <UniqueIdentifier>{67DA6AB6-F800-4c08-8B7A-83BB121AAD01}</UniqueIdentifier>
      <Extensions>rc;ico;cur;bmp;dlg;rc2;rct;bin;rgs;gif;jpg;jpeg;jpe;resx;tiff;tif;png;wav;mfcribbon-ms</Extensions>
    </Filter>
    <Filter Include="utils">
      <UniqueIdentifier>{c61c840a-a0e8-4883-ad10-c49893d175de}</UniqueIdentifier>
    </Filter>
    <Filter Include="nodesoup">
      <UniqueIdentifier>{19f61c75-0d59-4c89-986c-df425601b311}</UniqueIdentifier>
    </Filter>
    <Filter Include="voronoi">
      <UniqueIdentifier>{06611aed-62c0-4675-af32-15f7e2ef9c6c}</UniqueIdentifier>
    </Filter>
  </ItemGroup>
  <ItemGroup>
    <ClCompile Include="src\main.cpp">
      <Filter>Source Files</Filter>
    </ClCompile>
    <ClCompile Include="eBiome.hpp">
      <Filter>utils</Filter>
    </ClCompile>
    <ClCompile Include="src\nodesoup\algebra.cpp">
      <Filter>nodesoup</Filter>
    </ClCompile>
    <ClCompile Include="src\nodesoup\fruchterman_reingold.cpp">
      <Filter>nodesoup</Filter>
    </ClCompile>
    <ClCompile Include="src\nodesoup\kamada_kawai.cpp">
      <Filter>nodesoup</Filter>
    </ClCompile>
    <ClCompile Include="src\nodesoup\layout.cpp">
      <Filter>nodesoup</Filter>
    </ClCompile>
    <ClCompile Include="src\nodesoup\nodesoup.cpp">
      <Filter>nodesoup</Filter>
    </ClCompile>
    <ClCompile Include="src\voronoi.cpp">
      <Filter>voronoi</Filter>
    </ClCompile>
    <ClCompile Include="src\node.cpp">
      <Filter>utils</Filter>
    </ClCompile>
  </ItemGroup>
  <ItemGroup>
    <None Include=".gitignore" />
  </ItemGroup>
  <ItemGroup>
    <ClInclude Include="src\colors.hpp">
      <Filter>utils</Filter>
    </ClInclude>
    <ClInclude Include="src\nodesoup\algebra.hpp">
      <Filter>nodesoup</Filter>
    </ClInclude>
    <ClInclude Include="src\nodesoup\fruchterman_reingold.hpp">
      <Filter>nodesoup</Filter>
    </ClInclude>
    <ClInclude Include="src\nodesoup\kamada_kawai.hpp">
      <Filter>nodesoup</Filter>
    </ClInclude>
    <ClInclude Include="src\nodesoup\layout.hpp">
      <Filter>nodesoup</Filter>
    </ClInclude>
    <ClInclude Include="src\nodesoup\nodesoup.hpp">
      <Filter>nodesoup</Filter>
    </ClInclude>
    <ClInclude Include="src\voronoi.hpp">
      <Filter>voronoi</Filter>
    </ClInclude>
    <ClInclude Include="src\node.hpp">
      <Filter>utils</Filter>
    </ClInclude>
  </ItemGroup>
</Project>